
Microsoft Visual Studio Solution File, Format Version 12.00
# Visual Studio Version 17
VisualStudioVersion = 17.2.32516.85
MinimumVisualStudioVersion = 10.0.40219.1
Project("{9A19103F-16F7-4668-BE54-9A1E7A4F7556}") = "CoolStore.Library", "CoolStore.Library\CoolStore.Library.csproj", "{E4E6FEDF-F81B-436D-95AA-C6C68F0E29F2}"
EndProject
Project("{9A19103F-16F7-4668-BE54-9A1E7A4F7556}") = "CoolStore.Library.UTests", "CoolStore.Library.UTests\CoolStore.Library.UTests.csproj", "{49269A18-3F30-4414-9AC1-4525D4DD25E9}"
EndProject
Project("{00D1A9C2-B5F0-4AF3-8072-F6C62B433612}") = "CoolStore.DataLayer", "CoolStore.DataLayer\CoolStore.DataLayer.sqlproj", "{D7C1D05B-23FF-4D4E-95D4-FBB0ABB69C14}"
EndProject
Project("{FAE04EC0-301F-11D3-BF4B-00C04F79EFBC}") = "CoolStore.ShortTestInConsole", "CoolStore.ShortTestInConsole\CoolStore.ShortTestInConsole.csproj", "{63E94F6B-DBF5-4DEF-9C03-99EEEF8110F4}"
EndProject
Global
	GlobalSection(SolutionConfigurationPlatforms) = preSolution
		Debug|Any CPU = Debug|Any CPU
		Release|Any CPU = Release|Any CPU
	EndGlobalSection
	GlobalSection(ProjectConfigurationPlatforms) = postSolution
		{E4E6FEDF-F81B-436D-95AA-C6C68F0E29F2}.Debug|Any CPU.ActiveCfg = Debug|Any CPU
		{E4E6FEDF-F81B-436D-95AA-C6C68F0E29F2}.Debug|Any CPU.Build.0 = Debug|Any CPU
		{E4E6FEDF-F81B-436D-95AA-C6C68F0E29F2}.Release|Any CPU.ActiveCfg = Release|Any CPU
		{E4E6FEDF-F81B-436D-95AA-C6C68F0E29F2}.Release|Any CPU.Build.0 = Release|Any CPU
		{49269A18-3F30-4414-9AC1-4525D4DD25E9}.Debug|Any CPU.ActiveCfg = Debug|Any CPU
		{49269A18-3F30-4414-9AC1-4525D4DD25E9}.Debug|Any CPU.Build.0 = Debug|Any CPU
		{49269A18-3F30-4414-9AC1-4525D4DD25E9}.Release|Any CPU.ActiveCfg = Release|Any CPU
		{49269A18-3F30-4414-9AC1-4525D4DD25E9}.Release|Any CPU.Build.0 = Release|Any CPU
		{D7C1D05B-23FF-4D4E-95D4-FBB0ABB69C14}.Debug|Any CPU.ActiveCfg = Debug|Any CPU
		{D7C1D05B-23FF-4D4E-95D4-FBB0ABB69C14}.Debug|Any CPU.Build.0 = Debug|Any CPU
		{D7C1D05B-23FF-4D4E-95D4-FBB0ABB69C14}.Debug|Any CPU.Deploy.0 = Debug|Any CPU
		{D7C1D05B-23FF-4D4E-95D4-FBB0ABB69C14}.Release|Any CPU.ActiveCfg = Release|Any CPU
		{D7C1D05B-23FF-4D4E-95D4-FBB0ABB69C14}.Release|Any CPU.Build.0 = Release|Any CPU
		{D7C1D05B-23FF-4D4E-95D4-FBB0ABB69C14}.Release|Any CPU.Deploy.0 = Release|Any CPU
		{63E94F6B-DBF5-4DEF-9C03-99EEEF8110F4}.Debug|Any CPU.ActiveCfg = Debug|Any CPU
		{63E94F6B-DBF5-4DEF-9C03-99EEEF8110F4}.Debug|Any CPU.Build.0 = Debug|Any CPU
		{63E94F6B-DBF5-4DEF-9C03-99EEEF8110F4}.Release|Any CPU.ActiveCfg = Release|Any CPU
		{63E94F6B-DBF5-4DEF-9C03-99EEEF8110F4}.Release|Any CPU.Build.0 = Release|Any CPU
	EndGlobalSection
	GlobalSection(SolutionProperties) = preSolution
		HideSolutionNode = FALSE
	EndGlobalSection
	GlobalSection(ExtensibilityGlobals) = postSolution
		SolutionGuid = {03DF8385-64AA-4C22-B85E-F80D312B0C6E}
	EndGlobalSection
EndGlobal
